
Microsoft Visual Studio Solution File, Format Version 12.00
# Visual Studio 15
VisualStudioVersion = 15.0.26430.12
MinimumVisualStudioVersion = 10.0.40219.1
Project("{8BC9CEB8-8B4A-11D0-8D11-00A0C91BC942}") = "Ablaze", "Ablaze\Ablaze.vcxproj", "{337E7855-CEA7-40A0-B7A9-D42E8BB86275}"
EndProject
Project("{8BC9CEB8-8B4A-11D0-8D11-00A0C91BC942}") = "RPG", "RPG\RPG.vcxproj", "{52A064E2-D41F-4DEA-963A-CE564A460D78}"
EndProject
Project("{8BC9CEB8-8B4A-11D0-8D11-00A0C91BC942}") = "Metaballs", "Metaballs\Metaballs.vcxproj", "{60E773FE-A072-43DC-BD41-7D7650A550BB}"
EndProject
Project("{8BC9CEB8-8B4A-11D0-8D11-00A0C91BC942}") = "CubeWave", "CubeWave\CubeWave.vcxproj", "{7245BE85-6225-4CD7-8C70-9BDA2A34EB2C}"
EndProject
Project("{8BC9CEB8-8B4A-11D0-8D11-00A0C91BC942}") = "AbSketch", "AbSketch\AbSketch.vcxproj", "{9F9FF616-B46A-4080-B99D-EF347935384B}"
EndProject
Project("{8BC9CEB8-8B4A-11D0-8D11-00A0C91BC942}") = "Presidents", "Presidents\Presidents.vcxproj", "{B2AF5891-EFF8-4432-95B1-036433231AAC}"
EndProject
Global
	GlobalSection(SolutionConfigurationPlatforms) = preSolution
		Debug|x64 = Debug|x64
		Debug|x86 = Debug|x86
		Release|x64 = Release|x64
		Release|x86 = Release|x86
	EndGlobalSection
	GlobalSection(ProjectConfigurationPlatforms) = postSolution
		{337E7855-CEA7-40A0-B7A9-D42E8BB86275}.Debug|x64.ActiveCfg = Debug|x64
		{337E7855-CEA7-40A0-B7A9-D42E8BB86275}.Debug|x64.Build.0 = Debug|x64
		{337E7855-CEA7-40A0-B7A9-D42E8BB86275}.Debug|x86.ActiveCfg = Debug|Win32
		{337E7855-CEA7-40A0-B7A9-D42E8BB86275}.Debug|x86.Build.0 = Debug|Win32
		{337E7855-CEA7-40A0-B7A9-D42E8BB86275}.Release|x64.ActiveCfg = Release|x64
		{337E7855-CEA7-40A0-B7A9-D42E8BB86275}.Release|x64.Build.0 = Release|x64
		{337E7855-CEA7-40A0-B7A9-D42E8BB86275}.Release|x86.ActiveCfg = Release|Win32
		{337E7855-CEA7-40A0-B7A9-D42E8BB86275}.Release|x86.Build.0 = Release|Win32
		{52A064E2-D41F-4DEA-963A-CE564A460D78}.Debug|x64.ActiveCfg = Debug|x64
		{52A064E2-D41F-4DEA-963A-CE564A460D78}.Debug|x64.Build.0 = Debug|x64
		{52A064E2-D41F-4DEA-963A-CE564A460D78}.Debug|x86.ActiveCfg = Debug|Win32
		{52A064E2-D41F-4DEA-963A-CE564A460D78}.Debug|x86.Build.0 = Debug|Win32
		{52A064E2-D41F-4DEA-963A-CE564A460D78}.Release|x64.ActiveCfg = Release|x64
		{52A064E2-D41F-4DEA-963A-CE564A460D78}.Release|x64.Build.0 = Release|x64
		{52A064E2-D41F-4DEA-963A-CE564A460D78}.Release|x86.ActiveCfg = Release|Win32
		{52A064E2-D41F-4DEA-963A-CE564A460D78}.Release|x86.Build.0 = Release|Win32
		{60E773FE-A072-43DC-BD41-7D7650A550BB}.Debug|x64.ActiveCfg = Debug|x64
		{60E773FE-A072-43DC-BD41-7D7650A550BB}.Debug|x64.Build.0 = Debug|x64
		{60E773FE-A072-43DC-BD41-7D7650A550BB}.Debug|x86.ActiveCfg = Debug|Win32
		{60E773FE-A072-43DC-BD41-7D7650A550BB}.Debug|x86.Build.0 = Debug|Win32
		{60E773FE-A072-43DC-BD41-7D7650A550BB}.Release|x64.ActiveCfg = Release|x64
		{60E773FE-A072-43DC-BD41-7D7650A550BB}.Release|x64.Build.0 = Release|x64
		{60E773FE-A072-43DC-BD41-7D7650A550BB}.Release|x86.ActiveCfg = Release|Win32
		{60E773FE-A072-43DC-BD41-7D7650A550BB}.Release|x86.Build.0 = Release|Win32
		{7245BE85-6225-4CD7-8C70-9BDA2A34EB2C}.Debug|x64.ActiveCfg = Debug|x64
		{7245BE85-6225-4CD7-8C70-9BDA2A34EB2C}.Debug|x64.Build.0 = Debug|x64
		{7245BE85-6225-4CD7-8C70-9BDA2A34EB2C}.Debug|x86.ActiveCfg = Debug|Win32
		{7245BE85-6225-4CD7-8C70-9BDA2A34EB2C}.Debug|x86.Build.0 = Debug|Win32
		{7245BE85-6225-4CD7-8C70-9BDA2A34EB2C}.Release|x64.ActiveCfg = Release|x64
		{7245BE85-6225-4CD7-8C70-9BDA2A34EB2C}.Release|x64.Build.0 = Release|x64
		{7245BE85-6225-4CD7-8C70-9BDA2A34EB2C}.Release|x86.ActiveCfg = Release|Win32
		{7245BE85-6225-4CD7-8C70-9BDA2A34EB2C}.Release|x86.Build.0 = Release|Win32
		{9F9FF616-B46A-4080-B99D-EF347935384B}.Debug|x64.ActiveCfg = Debug|x64
		{9F9FF616-B46A-4080-B99D-EF347935384B}.Debug|x64.Build.0 = Debug|x64
		{9F9FF616-B46A-4080-B99D-EF347935384B}.Debug|x86.ActiveCfg = Debug|Win32
		{9F9FF616-B46A-4080-B99D-EF347935384B}.Debug|x86.Build.0 = Debug|Win32
		{9F9FF616-B46A-4080-B99D-EF347935384B}.Release|x64.ActiveCfg = Release|x64
		{9F9FF616-B46A-4080-B99D-EF347935384B}.Release|x64.Build.0 = Release|x64
		{9F9FF616-B46A-4080-B99D-EF347935384B}.Release|x86.ActiveCfg = Release|Win32
		{9F9FF616-B46A-4080-B99D-EF347935384B}.Release|x86.Build.0 = Release|Win32
		{B2AF5891-EFF8-4432-95B1-036433231AAC}.Debug|x64.ActiveCfg = Debug|x64
		{B2AF5891-EFF8-4432-95B1-036433231AAC}.Debug|x64.Build.0 = Debug|x64
		{B2AF5891-EFF8-4432-95B1-036433231AAC}.Debug|x86.ActiveCfg = Debug|Win32
		{B2AF5891-EFF8-4432-95B1-036433231AAC}.Debug|x86.Build.0 = Debug|Win32
		{B2AF5891-EFF8-4432-95B1-036433231AAC}.Release|x64.ActiveCfg = Release|x64
		{B2AF5891-EFF8-4432-95B1-036433231AAC}.Release|x64.Build.0 = Release|x64
		{B2AF5891-EFF8-4432-95B1-036433231AAC}.Release|x86.ActiveCfg = Release|Win32
		{B2AF5891-EFF8-4432-95B1-036433231AAC}.Release|x86.Build.0 = Release|Win32
	EndGlobalSection
	GlobalSection(SolutionProperties) = preSolution
		HideSolutionNode = FALSE
	EndGlobalSection
EndGlobal
